// !$*UTF8*$!
{
	archiveVersion = 1;
	classes = {
	};
	objectVersion = 55;
	objects = {

/* Begin PBXBuildFile section */
		6601AD632783297F0015E396 /* CryptoDetailedViewController.swift in Sources */ = {isa = PBXBuildFile; fileRef = 6601AD622783297F0015E396 /* CryptoDetailedViewController.swift */; };
		6607B9982782F1CA003B5D16 /* TotalWorthViewController.swift in Sources */ = {isa = PBXBuildFile; fileRef = 6607B9972782F1CA003B5D16 /* TotalWorthViewController.swift */; };
		6607B99A278305CA003B5D16 /* DepositMoneyViewController.swift in Sources */ = {isa = PBXBuildFile; fileRef = 6607B999278305CA003B5D16 /* DepositMoneyViewController.swift */; };
		6607B99C27830FC4003B5D16 /* WithdrawMoneyViewController.swift in Sources */ = {isa = PBXBuildFile; fileRef = 6607B99B27830FC4003B5D16 /* WithdrawMoneyViewController.swift */; };
		660A372B2781B37B00CC6DD3 /* AppDelegate.swift in Sources */ = {isa = PBXBuildFile; fileRef = 660A372A2781B37B00CC6DD3 /* AppDelegate.swift */; };
		660A37322781B37B00CC6DD3 /* Main.storyboard in Resources */ = {isa = PBXBuildFile; fileRef = 660A37302781B37B00CC6DD3 /* Main.storyboard */; };
		660A37342781B37D00CC6DD3 /* Assets.xcassets in Resources */ = {isa = PBXBuildFile; fileRef = 660A37332781B37D00CC6DD3 /* Assets.xcassets */; };
		660A37372781B37D00CC6DD3 /* LaunchScreen.storyboard in Resources */ = {isa = PBXBuildFile; fileRef = 660A37352781B37D00CC6DD3 /* LaunchScreen.storyboard */; };
		66351A8B27845CFA001DD26C /* BuyOrSellCoinViewController.swift in Sources */ = {isa = PBXBuildFile; fileRef = 66351A8A27845CFA001DD26C /* BuyOrSellCoinViewController.swift */; };
		66351A8D27847C47001DD26C /* DepositMethodsViewController.swift in Sources */ = {isa = PBXBuildFile; fileRef = 66351A8C27847C47001DD26C /* DepositMethodsViewController.swift */; };
		66351A9127849AAC001DD26C /* UPIViewController.swift in Sources */ = {isa = PBXBuildFile; fileRef = 66351A9027849AAC001DD26C /* UPIViewController.swift */; };
		664CE0A2278368ED004A9EA0 /* ReferAndEarnViewController.swift in Sources */ = {isa = PBXBuildFile; fileRef = 664CE0A1278368ED004A9EA0 /* ReferAndEarnViewController.swift */; };
		664CE0A427837246004A9EA0 /* PortfolioViewController.swift in Sources */ = {isa = PBXBuildFile; fileRef = 664CE0A327837246004A9EA0 /* PortfolioViewController.swift */; };
		664CE0A627838BE0004A9EA0 /* TabBarViewController.swift in Sources */ = {isa = PBXBuildFile; fileRef = 664CE0A527838BE0004A9EA0 /* TabBarViewController.swift */; };
		6680ADCB2781B6DD00FB1E40 /* BaseUIViewController.swift in Sources */ = {isa = PBXBuildFile; fileRef = 6680ADCA2781B6DD00FB1E40 /* BaseUIViewController.swift */; };
		6680ADCE2781B8E500FB1E40 /* LoginViewController.swift in Sources */ = {isa = PBXBuildFile; fileRef = 6680ADCD2781B8E500FB1E40 /* LoginViewController.swift */; };
		6680ADD02781DCAF00FB1E40 /* LoginWithEmailViewController.swift in Sources */ = {isa = PBXBuildFile; fileRef = 6680ADCF2781DCAF00FB1E40 /* LoginWithEmailViewController.swift */; };
		6680ADD22781E4D900FB1E40 /* RegisterViewController.swift in Sources */ = {isa = PBXBuildFile; fileRef = 6680ADD12781E4D900FB1E40 /* RegisterViewController.swift */; };
		6680ADD42781F43400FB1E40 /* PinViewController.swift in Sources */ = {isa = PBXBuildFile; fileRef = 6680ADD32781F43400FB1E40 /* PinViewController.swift */; };
		6680ADD62782087C00FB1E40 /* HomeViewController.swift in Sources */ = {isa = PBXBuildFile; fileRef = 6680ADD52782087C00FB1E40 /* HomeViewController.swift */; };
		66C4A19C27841DA4003AC7AF /* MarketViewController.swift in Sources */ = {isa = PBXBuildFile; fileRef = 66C4A19B27841DA4003AC7AF /* MarketViewController.swift */; };
		66C4A1A527843526003AC7AF /* MoreViewController.swift in Sources */ = {isa = PBXBuildFile; fileRef = 66C4A1A427843525003AC7AF /* MoreViewController.swift */; };
		66C4A1A827844918003AC7AF /* TransactionViewController.swift in Sources */ = {isa = PBXBuildFile; fileRef = 66C4A1A727844918003AC7AF /* TransactionViewController.swift */; };
/* End PBXBuildFile section */

/* Begin PBXFileReference section */
		6601AD622783297F0015E396 /* CryptoDetailedViewController.swift */ = {isa = PBXFileReference; lastKnownFileType = sourcecode.swift; path = CryptoDetailedViewController.swift; sourceTree = "<group>"; };
		6607B9972782F1CA003B5D16 /* TotalWorthViewController.swift */ = {isa = PBXFileReference; lastKnownFileType = sourcecode.swift; path = TotalWorthViewController.swift; sourceTree = "<group>"; };
		6607B999278305CA003B5D16 /* DepositMoneyViewController.swift */ = {isa = PBXFileReference; lastKnownFileType = sourcecode.swift; path = DepositMoneyViewController.swift; sourceTree = "<group>"; };
		6607B99B27830FC4003B5D16 /* WithdrawMoneyViewController.swift */ = {isa = PBXFileReference; lastKnownFileType = sourcecode.swift; path = WithdrawMoneyViewController.swift; sourceTree = "<group>"; };
		660A37272781B37B00CC6DD3 /* CryptoExchange.app */ = {isa = PBXFileReference; explicitFileType = wrapper.application; includeInIndex = 0; path = CryptoExchange.app; sourceTree = BUILT_PRODUCTS_DIR; };
		660A372A2781B37B00CC6DD3 /* AppDelegate.swift */ = {isa = PBXFileReference; lastKnownFileType = sourcecode.swift; path = AppDelegate.swift; sourceTree = "<group>"; };
		660A37312781B37B00CC6DD3 /* Base */ = {isa = PBXFileReference; lastKnownFileType = file.storyboard; name = Base; path = Base.lproj/Main.storyboard; sourceTree = "<group>"; };
		660A37332781B37D00CC6DD3 /* Assets.xcassets */ = {isa = PBXFileReference; lastKnownFileType = folder.assetcatalog; path = Assets.xcassets; sourceTree = "<group>"; };
		660A37362781B37D00CC6DD3 /* Base */ = {isa = PBXFileReference; lastKnownFileType = file.storyboard; name = Base; path = Base.lproj/LaunchScreen.storyboard; sourceTree = "<group>"; };
		660A37382781B37D00CC6DD3 /* Info.plist */ = {isa = PBXFileReference; lastKnownFileType = text.plist.xml; path = Info.plist; sourceTree = "<group>"; };
		66351A8A27845CFA001DD26C /* BuyOrSellCoinViewController.swift */ = {isa = PBXFileReference; lastKnownFileType = sourcecode.swift; path = BuyOrSellCoinViewController.swift; sourceTree = "<group>"; };
		66351A8C27847C47001DD26C /* DepositMethodsViewController.swift */ = {isa = PBXFileReference; lastKnownFileType = sourcecode.swift; path = DepositMethodsViewController.swift; sourceTree = "<group>"; };
		66351A9027849AAC001DD26C /* UPIViewController.swift */ = {isa = PBXFileReference; lastKnownFileType = sourcecode.swift; path = UPIViewController.swift; sourceTree = "<group>"; };
		664CE0A1278368ED004A9EA0 /* ReferAndEarnViewController.swift */ = {isa = PBXFileReference; lastKnownFileType = sourcecode.swift; path = ReferAndEarnViewController.swift; sourceTree = "<group>"; };
		664CE0A327837246004A9EA0 /* PortfolioViewController.swift */ = {isa = PBXFileReference; lastKnownFileType = sourcecode.swift; path = PortfolioViewController.swift; sourceTree = "<group>"; };
		664CE0A527838BE0004A9EA0 /* TabBarViewController.swift */ = {isa = PBXFileReference; lastKnownFileType = sourcecode.swift; path = TabBarViewController.swift; sourceTree = "<group>"; };
		6680ADCA2781B6DD00FB1E40 /* BaseUIViewController.swift */ = {isa = PBXFileReference; lastKnownFileType = sourcecode.swift; path = BaseUIViewController.swift; sourceTree = "<group>"; };
		6680ADCD2781B8E500FB1E40 /* LoginViewController.swift */ = {isa = PBXFileReference; lastKnownFileType = sourcecode.swift; path = LoginViewController.swift; sourceTree = "<group>"; };
		6680ADCF2781DCAF00FB1E40 /* LoginWithEmailViewController.swift */ = {isa = PBXFileReference; lastKnownFileType = sourcecode.swift; path = LoginWithEmailViewController.swift; sourceTree = "<group>"; };
		6680ADD12781E4D900FB1E40 /* RegisterViewController.swift */ = {isa = PBXFileReference; lastKnownFileType = sourcecode.swift; path = RegisterViewController.swift; sourceTree = "<group>"; };
		6680ADD32781F43400FB1E40 /* PinViewController.swift */ = {isa = PBXFileReference; lastKnownFileType = sourcecode.swift; path = PinViewController.swift; sourceTree = "<group>"; };
		6680ADD52782087C00FB1E40 /* HomeViewController.swift */ = {isa = PBXFileReference; lastKnownFileType = sourcecode.swift; path = HomeViewController.swift; sourceTree = "<group>"; };
		66C4A19B27841DA4003AC7AF /* MarketViewController.swift */ = {isa = PBXFileReference; lastKnownFileType = sourcecode.swift; path = MarketViewController.swift; sourceTree = "<group>"; };
		66C4A1A427843525003AC7AF /* MoreViewController.swift */ = {isa = PBXFileReference; lastKnownFileType = sourcecode.swift; path = MoreViewController.swift; sourceTree = "<group>"; };
		66C4A1A727844918003AC7AF /* TransactionViewController.swift */ = {isa = PBXFileReference; lastKnownFileType = sourcecode.swift; path = TransactionViewController.swift; sourceTree = "<group>"; };
/* End PBXFileReference section */

/* Begin PBXFrameworksBuildPhase section */
		660A37242781B37B00CC6DD3 /* Frameworks */ = {
			isa = PBXFrameworksBuildPhase;
			buildActionMask = 2147483647;
			files = (
			);
			runOnlyForDeploymentPostprocessing = 0;
		};
/* End PBXFrameworksBuildPhase section */

/* Begin PBXGroup section */
		660A371E2781B37B00CC6DD3 = {
			isa = PBXGroup;
			children = (
				660A37292781B37B00CC6DD3 /* CryptoExchange */,
				660A37282781B37B00CC6DD3 /* Products */,
			);
			sourceTree = "<group>";
		};
		660A37282781B37B00CC6DD3 /* Products */ = {
			isa = PBXGroup;
			children = (
				660A37272781B37B00CC6DD3 /* CryptoExchange.app */,
			);
			name = Products;
			sourceTree = "<group>";
		};
		660A37292781B37B00CC6DD3 /* CryptoExchange */ = {
			isa = PBXGroup;
			children = (
				660A372A2781B37B00CC6DD3 /* AppDelegate.swift */,
				6680ADC92781B6B200FB1E40 /* Helper Classes */,
				6680ADCC2781B8B500FB1E40 /* View Controllers */,
				660A37302781B37B00CC6DD3 /* Main.storyboard */,
				660A37332781B37D00CC6DD3 /* Assets.xcassets */,
				660A37352781B37D00CC6DD3 /* LaunchScreen.storyboard */,
				660A37382781B37D00CC6DD3 /* Info.plist */,
			);
			path = CryptoExchange;
			sourceTree = "<group>";
		};
		66351A8E27847C69001DD26C /* Deposit Money */ = {
			isa = PBXGroup;
			children = (
				6607B999278305CA003B5D16 /* DepositMoneyViewController.swift */,
				66351A8C27847C47001DD26C /* DepositMethodsViewController.swift */,
				66351A9027849AAC001DD26C /* UPIViewController.swift */,
			);
			path = "Deposit Money";
			sourceTree = "<group>";
		};
		66351A8F27847C76001DD26C /* Withdraw Money */ = {
			isa = PBXGroup;
			children = (
				6607B99B27830FC4003B5D16 /* WithdrawMoneyViewController.swift */,
			);
			path = "Withdraw Money";
			sourceTree = "<group>";
		};
		6680ADC92781B6B200FB1E40 /* Helper Classes */ = {
			isa = PBXGroup;
			children = (
				6680ADCA2781B6DD00FB1E40 /* BaseUIViewController.swift */,
			);
			path = "Helper Classes";
			sourceTree = "<group>";
		};
		6680ADCC2781B8B500FB1E40 /* View Controllers */ = {
			isa = PBXGroup;
			children = (
				66C4A19D27841DD5003AC7AF /* Basic */,
				66C4A19E27841DED003AC7AF /* Tab Bar */,
			);
			path = "View Controllers";
			sourceTree = "<group>";
		};
		66C4A19D27841DD5003AC7AF /* Basic */ = {
			isa = PBXGroup;
			children = (
				6680ADCD2781B8E500FB1E40 /* LoginViewController.swift */,
				6680ADCF2781DCAF00FB1E40 /* LoginWithEmailViewController.swift */,
				6680ADD12781E4D900FB1E40 /* RegisterViewController.swift */,
				6680ADD32781F43400FB1E40 /* PinViewController.swift */,
			);
			path = Basic;
			sourceTree = "<group>";
		};
		66C4A19E27841DED003AC7AF /* Tab Bar */ = {
			isa = PBXGroup;
			children = (
				664CE0A527838BE0004A9EA0 /* TabBarViewController.swift */,
				66C4A19F27841E17003AC7AF /* Home */,
				66C4A1A027841E42003AC7AF /* Portfolio */,
				66C4A1A127841E57003AC7AF /* Market */,
				66C4A1A32784350A003AC7AF /* More Settings */,
				66C4A1A227841E92003AC7AF /* Common VC */,
			);
			path = "Tab Bar";
			sourceTree = "<group>";
		};
		66C4A19F27841E17003AC7AF /* Home */ = {
			isa = PBXGroup;
			children = (
				6680ADD52782087C00FB1E40 /* HomeViewController.swift */,
				664CE0A1278368ED004A9EA0 /* ReferAndEarnViewController.swift */,
				66351A8E27847C69001DD26C /* Deposit Money */,
				66351A8F27847C76001DD26C /* Withdraw Money */,
				66C4A1A627844900003AC7AF /* Crypto Details */,
			);
			path = Home;
			sourceTree = "<group>";
		};
		66C4A1A027841E42003AC7AF /* Portfolio */ = {
			isa = PBXGroup;
			children = (
				664CE0A327837246004A9EA0 /* PortfolioViewController.swift */,
			);
			path = Portfolio;
			sourceTree = "<group>";
		};
		66C4A1A127841E57003AC7AF /* Market */ = {
			isa = PBXGroup;
			children = (
				66C4A19B27841DA4003AC7AF /* MarketViewController.swift */,
			);
			path = Market;
			sourceTree = "<group>";
		};
		66C4A1A227841E92003AC7AF /* Common VC */ = {
			isa = PBXGroup;
			children = (
				6607B9972782F1CA003B5D16 /* TotalWorthViewController.swift */,
			);
			path = "Common VC";
			sourceTree = "<group>";
		};
		66C4A1A32784350A003AC7AF /* More Settings */ = {
			isa = PBXGroup;
			children = (
				66C4A1A427843525003AC7AF /* MoreViewController.swift */,
			);
			path = "More Settings";
			sourceTree = "<group>";
		};
		66C4A1A627844900003AC7AF /* Crypto Details */ = {
			isa = PBXGroup;
			children = (
				6601AD622783297F0015E396 /* CryptoDetailedViewController.swift */,
				66C4A1A727844918003AC7AF /* TransactionViewController.swift */,
				66351A8A27845CFA001DD26C /* BuyOrSellCoinViewController.swift */,
			);
			path = "Crypto Details";
			sourceTree = "<group>";
		};
/* End PBXGroup section */

/* Begin PBXNativeTarget section */
		660A37262781B37B00CC6DD3 /* CryptoExchange */ = {
			isa = PBXNativeTarget;
			buildConfigurationList = 660A373B2781B37D00CC6DD3 /* Build configuration list for PBXNativeTarget "CryptoExchange" */;
			buildPhases = (
				660A37232781B37B00CC6DD3 /* Sources */,
				660A37242781B37B00CC6DD3 /* Frameworks */,
				660A37252781B37B00CC6DD3 /* Resources */,
			);
			buildRules = (
			);
			dependencies = (
			);
			name = CryptoExchange;
			productName = CryptoExchange;
			productReference = 660A37272781B37B00CC6DD3 /* CryptoExchange.app */;
			productType = "com.apple.product-type.application";
		};
/* End PBXNativeTarget section */

/* Begin PBXProject section */
		660A371F2781B37B00CC6DD3 /* Project object */ = {
			isa = PBXProject;
			attributes = {
				BuildIndependentTargetsInParallel = 1;
				LastSwiftUpdateCheck = 1310;
				LastUpgradeCheck = 1310;
				TargetAttributes = {
					660A37262781B37B00CC6DD3 = {
						CreatedOnToolsVersion = 13.1;
					};
				};
			};
			buildConfigurationList = 660A37222781B37B00CC6DD3 /* Build configuration list for PBXProject "CryptoExchange" */;
			compatibilityVersion = "Xcode 13.0";
			developmentRegion = en;
			hasScannedForEncodings = 0;
			knownRegions = (
				en,
				Base,
			);
			mainGroup = 660A371E2781B37B00CC6DD3;
			productRefGroup = 660A37282781B37B00CC6DD3 /* Products */;
			projectDirPath = "";
			projectRoot = "";
			targets = (
				660A37262781B37B00CC6DD3 /* CryptoExchange */,
			);
		};
/* End PBXProject section */

/* Begin PBXResourcesBuildPhase section */
		660A37252781B37B00CC6DD3 /* Resources */ = {
			isa = PBXResourcesBuildPhase;
			buildActionMask = 2147483647;
			files = (
				660A37372781B37D00CC6DD3 /* LaunchScreen.storyboard in Resources */,
				660A37342781B37D00CC6DD3 /* Assets.xcassets in Resources */,
				660A37322781B37B00CC6DD3 /* Main.storyboard in Resources */,
			);
			runOnlyForDeploymentPostprocessing = 0;
		};
/* End PBXResourcesBuildPhase section */

/* Begin PBXSourcesBuildPhase section */
		660A37232781B37B00CC6DD3 /* Sources */ = {
			isa = PBXSourcesBuildPhase;
			buildActionMask = 2147483647;
			files = (
				664CE0A427837246004A9EA0 /* PortfolioViewController.swift in Sources */,
				6607B99A278305CA003B5D16 /* DepositMoneyViewController.swift in Sources */,
				6607B9982782F1CA003B5D16 /* TotalWorthViewController.swift in Sources */,
				66351A8D27847C47001DD26C /* DepositMethodsViewController.swift in Sources */,
				6680ADCE2781B8E500FB1E40 /* LoginViewController.swift in Sources */,
				664CE0A627838BE0004A9EA0 /* TabBarViewController.swift in Sources */,
				66351A8B27845CFA001DD26C /* BuyOrSellCoinViewController.swift in Sources */,
				66C4A1A527843526003AC7AF /* MoreViewController.swift in Sources */,
				6680ADD22781E4D900FB1E40 /* RegisterViewController.swift in Sources */,
				6680ADD42781F43400FB1E40 /* PinViewController.swift in Sources */,
				66C4A19C27841DA4003AC7AF /* MarketViewController.swift in Sources */,
				6680ADD02781DCAF00FB1E40 /* LoginWithEmailViewController.swift in Sources */,
				660A372B2781B37B00CC6DD3 /* AppDelegate.swift in Sources */,
				6601AD632783297F0015E396 /* CryptoDetailedViewController.swift in Sources */,
				6680ADD62782087C00FB1E40 /* HomeViewController.swift in Sources */,
				66351A9127849AAC001DD26C /* UPIViewController.swift in Sources */,
				6680ADCB2781B6DD00FB1E40 /* BaseUIViewController.swift in Sources */,
				66C4A1A827844918003AC7AF /* TransactionViewController.swift in Sources */,
				664CE0A2278368ED004A9EA0 /* ReferAndEarnViewController.swift in Sources */,
				6607B99C27830FC4003B5D16 /* WithdrawMoneyViewController.swift in Sources */,
			);
			runOnlyForDeploymentPostprocessing = 0;
		};
/* End PBXSourcesBuildPhase section */

/* Begin PBXVariantGroup section */
		660A37302781B37B00CC6DD3 /* Main.storyboard */ = {
			isa = PBXVariantGroup;
			children = (
				660A37312781B37B00CC6DD3 /* Base */,
			);
			name = Main.storyboard;
			sourceTree = "<group>";
		};
		660A37352781B37D00CC6DD3 /* LaunchScreen.storyboard */ = {
			isa = PBXVariantGroup;
			children = (
				660A37362781B37D00CC6DD3 /* Base */,
			);
			name = LaunchScreen.storyboard;
			sourceTree = "<group>";
		};
/* End PBXVariantGroup section */

/* Begin XCBuildConfiguration section */
		660A37392781B37D00CC6DD3 /* Debug */ = {
			isa = XCBuildConfiguration;
			buildSettings = {
				ALWAYS_SEARCH_USER_PATHS = NO;
				CLANG_ANALYZER_NONNULL = YES;
				CLANG_ANALYZER_NUMBER_OBJECT_CONVERSION = YES_AGGRESSIVE;
				CLANG_CXX_LANGUAGE_STANDARD = "gnu++17";
				CLANG_CXX_LIBRARY = "libc++";
				CLANG_ENABLE_MODULES = YES;
				CLANG_ENABLE_OBJC_ARC = YES;
				CLANG_ENABLE_OBJC_WEAK = YES;
				CLANG_WARN_BLOCK_CAPTURE_AUTORELEASING = YES;
				CLANG_WARN_BOOL_CONVERSION = YES;
				CLANG_WARN_COMMA = YES;
				CLANG_WARN_CONSTANT_CONVERSION = YES;
				CLANG_WARN_DEPRECATED_OBJC_IMPLEMENTATIONS = YES;
				CLANG_WARN_DIRECT_OBJC_ISA_USAGE = YES_ERROR;
				CLANG_WARN_DOCUMENTATION_COMMENTS = YES;
				CLANG_WARN_EMPTY_BODY = YES;
				CLANG_WARN_ENUM_CONVERSION = YES;
				CLANG_WARN_INFINITE_RECURSION = YES;
				CLANG_WARN_INT_CONVERSION = YES;
				CLANG_WARN_NON_LITERAL_NULL_CONVERSION = YES;
				CLANG_WARN_OBJC_IMPLICIT_RETAIN_SELF = YES;
				CLANG_WARN_OBJC_LITERAL_CONVERSION = YES;
				CLANG_WARN_OBJC_ROOT_CLASS = YES_ERROR;
				CLANG_WARN_QUOTED_INCLUDE_IN_FRAMEWORK_HEADER = YES;
				CLANG_WARN_RANGE_LOOP_ANALYSIS = YES;
				CLANG_WARN_STRICT_PROTOTYPES = YES;
				CLANG_WARN_SUSPICIOUS_MOVE = YES;
				CLANG_WARN_UNGUARDED_AVAILABILITY = YES_AGGRESSIVE;
				CLANG_WARN_UNREACHABLE_CODE = YES;
				CLANG_WARN__DUPLICATE_METHOD_MATCH = YES;
				COPY_PHASE_STRIP = NO;
				DEBUG_INFORMATION_FORMAT = dwarf;
				ENABLE_STRICT_OBJC_MSGSEND = YES;
				ENABLE_TESTABILITY = YES;
				GCC_C_LANGUAGE_STANDARD = gnu11;
				GCC_DYNAMIC_NO_PIC = NO;
				GCC_NO_COMMON_BLOCKS = YES;
				GCC_OPTIMIZATION_LEVEL = 0;
				GCC_PREPROCESSOR_DEFINITIONS = (
					"DEBUG=1",
					"$(inherited)",
				);
				GCC_WARN_64_TO_32_BIT_CONVERSION = YES;
				GCC_WARN_ABOUT_RETURN_TYPE = YES_ERROR;
				GCC_WARN_UNDECLARED_SELECTOR = YES;
				GCC_WARN_UNINITIALIZED_AUTOS = YES_AGGRESSIVE;
				GCC_WARN_UNUSED_FUNCTION = YES;
				GCC_WARN_UNUSED_VARIABLE = YES;
				IPHONEOS_DEPLOYMENT_TARGET = 15.0;
				MTL_ENABLE_DEBUG_INFO = INCLUDE_SOURCE;
				MTL_FAST_MATH = YES;
				ONLY_ACTIVE_ARCH = YES;
				SDKROOT = iphoneos;
				SWIFT_ACTIVE_COMPILATION_CONDITIONS = DEBUG;
				SWIFT_OPTIMIZATION_LEVEL = "-Onone";
			};
			name = Debug;
		};
		660A373A2781B37D00CC6DD3 /* Release */ = {
			isa = XCBuildConfiguration;
			buildSettings = {
				ALWAYS_SEARCH_USER_PATHS = NO;
				CLANG_ANALYZER_NONNULL = YES;
				CLANG_ANALYZER_NUMBER_OBJECT_CONVERSION = YES_AGGRESSIVE;
				CLANG_CXX_LANGUAGE_STANDARD = "gnu++17";
				CLANG_CXX_LIBRARY = "libc++";
				CLANG_ENABLE_MODULES = YES;
				CLANG_ENABLE_OBJC_ARC = YES;
				CLANG_ENABLE_OBJC_WEAK = YES;
				CLANG_WARN_BLOCK_CAPTURE_AUTORELEASING = YES;
				CLANG_WARN_BOOL_CONVERSION = YES;
				CLANG_WARN_COMMA = YES;
				CLANG_WARN_CONSTANT_CONVERSION = YES;
				CLANG_WARN_DEPRECATED_OBJC_IMPLEMENTATIONS = YES;
				CLANG_WARN_DIRECT_OBJC_ISA_USAGE = YES_ERROR;
				CLANG_WARN_DOCUMENTATION_COMMENTS = YES;
				CLANG_WARN_EMPTY_BODY = YES;
				CLANG_WARN_ENUM_CONVERSION = YES;
				CLANG_WARN_INFINITE_RECURSION = YES;
				CLANG_WARN_INT_CONVERSION = YES;
				CLANG_WARN_NON_LITERAL_NULL_CONVERSION = YES;
				CLANG_WARN_OBJC_IMPLICIT_RETAIN_SELF = YES;
				CLANG_WARN_OBJC_LITERAL_CONVERSION = YES;
				CLANG_WARN_OBJC_ROOT_CLASS = YES_ERROR;
				CLANG_WARN_QUOTED_INCLUDE_IN_FRAMEWORK_HEADER = YES;
				CLANG_WARN_RANGE_LOOP_ANALYSIS = YES;
				CLANG_WARN_STRICT_PROTOTYPES = YES;
				CLANG_WARN_SUSPICIOUS_MOVE = YES;
				CLANG_WARN_UNGUARDED_AVAILABILITY = YES_AGGRESSIVE;
				CLANG_WARN_UNREACHABLE_CODE = YES;
				CLANG_WARN__DUPLICATE_METHOD_MATCH = YES;
				COPY_PHASE_STRIP = NO;
				DEBUG_INFORMATION_FORMAT = "dwarf-with-dsym";
				ENABLE_NS_ASSERTIONS = NO;
				ENABLE_STRICT_OBJC_MSGSEND = YES;
				GCC_C_LANGUAGE_STANDARD = gnu11;
				GCC_NO_COMMON_BLOCKS = YES;
				GCC_WARN_64_TO_32_BIT_CONVERSION = YES;
				GCC_WARN_ABOUT_RETURN_TYPE = YES_ERROR;
				GCC_WARN_UNDECLARED_SELECTOR = YES;
				GCC_WARN_UNINITIALIZED_AUTOS = YES_AGGRESSIVE;
				GCC_WARN_UNUSED_FUNCTION = YES;
				GCC_WARN_UNUSED_VARIABLE = YES;
				IPHONEOS_DEPLOYMENT_TARGET = 15.0;
				MTL_ENABLE_DEBUG_INFO = NO;
				MTL_FAST_MATH = YES;
				SDKROOT = iphoneos;
				SWIFT_COMPILATION_MODE = wholemodule;
				SWIFT_OPTIMIZATION_LEVEL = "-O";
				VALIDATE_PRODUCT = YES;
			};
			name = Release;
		};
		660A373C2781B37D00CC6DD3 /* Debug */ = {
			isa = XCBuildConfiguration;
			buildSettings = {
				ASSETCATALOG_COMPILER_APPICON_NAME = AppIcon;
				ASSETCATALOG_COMPILER_GLOBAL_ACCENT_COLOR_NAME = AccentColor;
				CODE_SIGN_STYLE = Automatic;
				CURRENT_PROJECT_VERSION = 1;
				DEVELOPMENT_TEAM = 3YKHZ9Y77T;
				GENERATE_INFOPLIST_FILE = YES;
				INFOPLIST_FILE = CryptoExchange/Info.plist;
				INFOPLIST_KEY_UIApplicationSupportsIndirectInputEvents = YES;
				INFOPLIST_KEY_UILaunchStoryboardName = LaunchScreen;
				INFOPLIST_KEY_UIMainStoryboardFile = Main;
				INFOPLIST_KEY_UISupportedInterfaceOrientations = UIInterfaceOrientationPortrait;
				INFOPLIST_KEY_UISupportedInterfaceOrientations_iPad = "UIInterfaceOrientationPortrait UIInterfaceOrientationPortraitUpsideDown UIInterfaceOrientationLandscapeLeft UIInterfaceOrientationLandscapeRight";
				INFOPLIST_KEY_UISupportedInterfaceOrientations_iPhone = "UIInterfaceOrientationPortrait UIInterfaceOrientationLandscapeLeft UIInterfaceOrientationLandscapeRight";
				INFOPLIST_KEY_UIUserInterfaceStyle = Dark;
				LD_RUNPATH_SEARCH_PATHS = (
					"$(inherited)",
					"@executable_path/Frameworks",
				);
				MARKETING_VERSION = 1.0;
				PRODUCT_BUNDLE_IDENTIFIER = com.cryptoExchange.ios;
				PRODUCT_NAME = "$(TARGET_NAME)";
				SWIFT_EMIT_LOC_STRINGS = YES;
				SWIFT_VERSION = 5.0;
				TARGETED_DEVICE_FAMILY = "1,2";
			};
			name = Debug;
		};
		660A373D2781B37D00CC6DD3 /* Release */ = {
			isa = XCBuildConfiguration;
			buildSettings = {
				ASSETCATALOG_COMPILER_APPICON_NAME = AppIcon;
				ASSETCATALOG_COMPILER_GLOBAL_ACCENT_COLOR_NAME = AccentColor;
				CODE_SIGN_STYLE = Automatic;
				CURRENT_PROJECT_VERSION = 1;
				DEVELOPMENT_TEAM = 3YKHZ9Y77T;
				GENERATE_INFOPLIST_FILE = YES;
				INFOPLIST_FILE = CryptoExchange/Info.plist;
				INFOPLIST_KEY_UIApplicationSupportsIndirectInputEvents = YES;
				INFOPLIST_KEY_UILaunchStoryboardName = LaunchScreen;
				INFOPLIST_KEY_UIMainStoryboardFile = Main;
				INFOPLIST_KEY_UISupportedInterfaceOrientations = UIInterfaceOrientationPortrait;
				INFOPLIST_KEY_UISupportedInterfaceOrientations_iPad = "UIInterfaceOrientationPortrait UIInterfaceOrientationPortraitUpsideDown UIInterfaceOrientationLandscapeLeft UIInterfaceOrientationLandscapeRight";
				INFOPLIST_KEY_UISupportedInterfaceOrientations_iPhone = "UIInterfaceOrientationPortrait UIInterfaceOrientationLandscapeLeft UIInterfaceOrientationLandscapeRight";
				INFOPLIST_KEY_UIUserInterfaceStyle = Dark;
				LD_RUNPATH_SEARCH_PATHS = (
					"$(inherited)",
					"@executable_path/Frameworks",
				);
				MARKETING_VERSION = 1.0;
				PRODUCT_BUNDLE_IDENTIFIER = com.cryptoExchange.ios;
				PRODUCT_NAME = "$(TARGET_NAME)";
				SWIFT_EMIT_LOC_STRINGS = YES;
				SWIFT_VERSION = 5.0;
				TARGETED_DEVICE_FAMILY = "1,2";
			};
			name = Release;
		};
/* End XCBuildConfiguration section */

/* Begin XCConfigurationList section */
		660A37222781B37B00CC6DD3 /* Build configuration list for PBXProject "CryptoExchange" */ = {
			isa = XCConfigurationList;
			buildConfigurations = (
				660A37392781B37D00CC6DD3 /* Debug */,
				660A373A2781B37D00CC6DD3 /* Release */,
			);
			defaultConfigurationIsVisible = 0;
			defaultConfigurationName = Release;
		};
		660A373B2781B37D00CC6DD3 /* Build configuration list for PBXNativeTarget "CryptoExchange" */ = {
			isa = XCConfigurationList;
			buildConfigurations = (
				660A373C2781B37D00CC6DD3 /* Debug */,
				660A373D2781B37D00CC6DD3 /* Release */,
			);
			defaultConfigurationIsVisible = 0;
			defaultConfigurationName = Release;
		};
/* End XCConfigurationList section */
	};
	rootObject = 660A371F2781B37B00CC6DD3 /* Project object */;
}
